
Microsoft Visual Studio Solution File, Format Version 12.00
# Visual Studio Version 17
VisualStudioVersion = 17.11.35303.130
MinimumVisualStudioVersion = 10.0.40219.1
Project("{FAE04EC0-301F-11D3-BF4B-00C04F79EFBC}") = "Server", "Multi chat TCP\Server.csproj", "{5DA913C7-7D13-419F-9BB2-7B6FB7C49C01}"
EndProject
Project("{FAE04EC0-301F-11D3-BF4B-00C04F79EFBC}") = "Client", "Client\Client.csproj", "{598EFBAA-F5E4-44A7-9F8E-5F746277DDCB}"
EndProject
Global
	GlobalSection(SolutionConfigurationPlatforms) = preSolution
		Debug|Any CPU = Debug|Any CPU
		Release|Any CPU = Release|Any CPU
	EndGlobalSection
	GlobalSection(ProjectConfigurationPlatforms) = postSolution
		{5DA913C7-7D13-419F-9BB2-7B6FB7C49C01}.Debug|Any CPU.ActiveCfg = Debug|Any CPU
		{5DA913C7-7D13-419F-9BB2-7B6FB7C49C01}.Debug|Any CPU.Build.0 = Debug|Any CPU
		{5DA913C7-7D13-419F-9BB2-7B6FB7C49C01}.Release|Any CPU.ActiveCfg = Release|Any CPU
		{5DA913C7-7D13-419F-9BB2-7B6FB7C49C01}.Release|Any CPU.Build.0 = Release|Any CPU
		{598EFBAA-F5E4-44A7-9F8E-5F746277DDCB}.Debug|Any CPU.ActiveCfg = Debug|Any CPU
		{598EFBAA-F5E4-44A7-9F8E-5F746277DDCB}.Debug|Any CPU.Build.0 = Debug|Any CPU
		{598EFBAA-F5E4-44A7-9F8E-5F746277DDCB}.Release|Any CPU.ActiveCfg = Release|Any CPU
		{598EFBAA-F5E4-44A7-9F8E-5F746277DDCB}.Release|Any CPU.Build.0 = Release|Any CPU
	EndGlobalSection
	GlobalSection(SolutionProperties) = preSolution
		HideSolutionNode = FALSE
	EndGlobalSection
	GlobalSection(ExtensibilityGlobals) = postSolution
		SolutionGuid = {5571F9CE-2C4B-4DE9-8E8A-AF7705138096}
	EndGlobalSection
EndGlobal
