
Microsoft Visual Studio Solution File, Format Version 12.00
# Visual Studio Version 17
VisualStudioVersion = 17.9.34701.34
MinimumVisualStudioVersion = 10.0.40219.1
Project("{FAE04EC0-301F-11D3-BF4B-00C04F79EFBC}") = "DrawTogether", "DrawTogether.csproj", "{4C8B6F4A-E5BB-42CD-A2A6-484AEF6569A8}"
EndProject
Global
	GlobalSection(SolutionConfigurationPlatforms) = preSolution
		Debug|Any CPU = Debug|Any CPU
		Release|Any CPU = Release|Any CPU
	EndGlobalSection
	GlobalSection(ProjectConfigurationPlatforms) = postSolution
		{4C8B6F4A-E5BB-42CD-A2A6-484AEF6569A8}.Debug|Any CPU.ActiveCfg = Debug|Any CPU
		{4C8B6F4A-E5BB-42CD-A2A6-484AEF6569A8}.Debug|Any CPU.Build.0 = Debug|Any CPU
		{4C8B6F4A-E5BB-42CD-A2A6-484AEF6569A8}.Release|Any CPU.ActiveCfg = Release|Any CPU
		{4C8B6F4A-E5BB-42CD-A2A6-484AEF6569A8}.Release|Any CPU.Build.0 = Release|Any CPU
	EndGlobalSection
	GlobalSection(SolutionProperties) = preSolution
		HideSolutionNode = FALSE
	EndGlobalSection
	GlobalSection(ExtensibilityGlobals) = postSolution
		SolutionGuid = {2FAB65B5-42F4-4D2D-B887-2FD094996F41}
	EndGlobalSection
EndGlobal
