
Microsoft Visual Studio Solution File, Format Version 12.00
# Visual Studio Version 17
VisualStudioVersion = 17.9.34701.34
MinimumVisualStudioVersion = 10.0.40219.1
Project("{FAE04EC0-301F-11D3-BF4B-00C04F79EFBC}") = "Lab03", "Lab03.csproj", "{D37B648A-C1B5-48D8-82C9-BA4E1AEADF25}"
EndProject
Global
	GlobalSection(SolutionConfigurationPlatforms) = preSolution
		Debug|Any CPU = Debug|Any CPU
		Release|Any CPU = Release|Any CPU
	EndGlobalSection
	GlobalSection(ProjectConfigurationPlatforms) = postSolution
		{D37B648A-C1B5-48D8-82C9-BA4E1AEADF25}.Debug|Any CPU.ActiveCfg = Debug|Any CPU
		{D37B648A-C1B5-48D8-82C9-BA4E1AEADF25}.Debug|Any CPU.Build.0 = Debug|Any CPU
		{D37B648A-C1B5-48D8-82C9-BA4E1AEADF25}.Release|Any CPU.ActiveCfg = Release|Any CPU
		{D37B648A-C1B5-48D8-82C9-BA4E1AEADF25}.Release|Any CPU.Build.0 = Release|Any CPU
	EndGlobalSection
	GlobalSection(SolutionProperties) = preSolution
		HideSolutionNode = FALSE
	EndGlobalSection
	GlobalSection(ExtensibilityGlobals) = postSolution
		SolutionGuid = {BD8E91B3-690B-45E4-A8B1-D0B77B535B12}
	EndGlobalSection
EndGlobal
